
Microsoft Visual Studio Solution File, Format Version 12.00
# Visual Studio Version 17
VisualStudioVersion = 17.11.35303.130
MinimumVisualStudioVersion = 10.0.40219.1
Project("{FAE04EC0-301F-11D3-BF4B-00C04F79EFBC}") = "webapp", "webapp\webapp.csproj", "{A1F6A591-F35F-4A81-8C8C-10449B8699A9}"
EndProject
Global
	GlobalSection(SolutionConfigurationPlatforms) = preSolution
		Debug|Any CPU = Debug|Any CPU
		Release|Any CPU = Release|Any CPU
	EndGlobalSection
	GlobalSection(ProjectConfigurationPlatforms) = postSolution
		{A1F6A591-F35F-4A81-8C8C-10449B8699A9}.Debug|Any CPU.ActiveCfg = Debug|Any CPU
		{A1F6A591-F35F-4A81-8C8C-10449B8699A9}.Debug|Any CPU.Build.0 = Debug|Any CPU
		{A1F6A591-F35F-4A81-8C8C-10449B8699A9}.Release|Any CPU.ActiveCfg = Release|Any CPU
		{A1F6A591-F35F-4A81-8C8C-10449B8699A9}.Release|Any CPU.Build.0 = Release|Any CPU
	EndGlobalSection
	GlobalSection(SolutionProperties) = preSolution
		HideSolutionNode = FALSE
	EndGlobalSection
	GlobalSection(ExtensibilityGlobals) = postSolution
		SolutionGuid = {19F171FD-52BB-4F09-935C-926B020C3232}
	EndGlobalSection
EndGlobal
